
Microsoft Visual Studio Solution File, Format Version 12.00
# Visual Studio Version 17
VisualStudioVersion = 17.14.36616.10 d17.14
MinimumVisualStudioVersion = 10.0.40219.1
Project("{FAE04EC0-301F-11D3-BF4B-00C04F79EFBC}") = "Library-system", "Library-system\Library-system.csproj", "{8B0E1E15-97DE-43BA-9108-065BCFE9DAFC}"
EndProject
Global
	GlobalSection(SolutionConfigurationPlatforms) = preSolution
		Debug|Any CPU = Debug|Any CPU
		Release|Any CPU = Release|Any CPU
	EndGlobalSection
	GlobalSection(ProjectConfigurationPlatforms) = postSolution
		{8B0E1E15-97DE-43BA-9108-065BCFE9DAFC}.Debug|Any CPU.ActiveCfg = Debug|Any CPU
		{8B0E1E15-97DE-43BA-9108-065BCFE9DAFC}.Debug|Any CPU.Build.0 = Debug|Any CPU
		{8B0E1E15-97DE-43BA-9108-065BCFE9DAFC}.Release|Any CPU.ActiveCfg = Release|Any CPU
		{8B0E1E15-97DE-43BA-9108-065BCFE9DAFC}.Release|Any CPU.Build.0 = Release|Any CPU
	EndGlobalSection
	GlobalSection(SolutionProperties) = preSolution
		HideSolutionNode = FALSE
	EndGlobalSection
	GlobalSection(ExtensibilityGlobals) = postSolution
		SolutionGuid = {19FD7C97-BA6E-4614-B718-3811E742FA67}
	EndGlobalSection
EndGlobal
